
Microsoft Visual Studio Solution File, Format Version 12.00
# Visual Studio Version 16
VisualStudioVersion = 16.0.29905.134
MinimumVisualStudioVersion = 10.0.40219.1
Project("{FAE04EC0-301F-11D3-BF4B-00C04F79EFBC}") = "PizzaToppings", "PizzaToppings\PizzaToppings.csproj", "{A10D0EEC-400A-4CE1-81BA-A2A857B1FE9A}"
EndProject
Global
	GlobalSection(SolutionConfigurationPlatforms) = preSolution
		Debug|Any CPU = Debug|Any CPU
		Release|Any CPU = Release|Any CPU
	EndGlobalSection
	GlobalSection(ProjectConfigurationPlatforms) = postSolution
		{A10D0EEC-400A-4CE1-81BA-A2A857B1FE9A}.Debug|Any CPU.ActiveCfg = Debug|Any CPU
		{A10D0EEC-400A-4CE1-81BA-A2A857B1FE9A}.Debug|Any CPU.Build.0 = Debug|Any CPU
		{A10D0EEC-400A-4CE1-81BA-A2A857B1FE9A}.Release|Any CPU.ActiveCfg = Release|Any CPU
		{A10D0EEC-400A-4CE1-81BA-A2A857B1FE9A}.Release|Any CPU.Build.0 = Release|Any CPU
	EndGlobalSection
	GlobalSection(SolutionProperties) = preSolution
		HideSolutionNode = FALSE
	EndGlobalSection
	GlobalSection(ExtensibilityGlobals) = postSolution
		SolutionGuid = {7547FACE-CC1B-4756-8A62-523FD1530F36}
	EndGlobalSection
EndGlobal
